
Microsoft Visual Studio Solution File, Format Version 12.00
# Visual Studio Version 16
VisualStudioVersion = 16.0.31729.503
MinimumVisualStudioVersion = 10.0.40219.1
Project("{9A19103F-16F7-4668-BE54-9A1E7A4F7556}") = "Hooking", "Hooking\Hooking.csproj", "{1FD7FA6C-0B71-47FB-818C-65AE77DE8FEC}"
EndProject
Global
	GlobalSection(SolutionConfigurationPlatforms) = preSolution
		Debug|Any CPU = Debug|Any CPU
		Release|Any CPU = Release|Any CPU
	EndGlobalSection
	GlobalSection(ProjectConfigurationPlatforms) = postSolution
		{1FD7FA6C-0B71-47FB-818C-65AE77DE8FEC}.Debug|Any CPU.ActiveCfg = Debug|Any CPU
		{1FD7FA6C-0B71-47FB-818C-65AE77DE8FEC}.Debug|Any CPU.Build.0 = Debug|Any CPU
		{1FD7FA6C-0B71-47FB-818C-65AE77DE8FEC}.Release|Any CPU.ActiveCfg = Release|Any CPU
		{1FD7FA6C-0B71-47FB-818C-65AE77DE8FEC}.Release|Any CPU.Build.0 = Release|Any CPU
	EndGlobalSection
	GlobalSection(SolutionProperties) = preSolution
		HideSolutionNode = FALSE
	EndGlobalSection
	GlobalSection(ExtensibilityGlobals) = postSolution
		SolutionGuid = {6E5A21D6-CD4A-4FAF-A731-881412513B6B}
	EndGlobalSection
EndGlobal
